
Microsoft Visual Studio Solution File, Format Version 12.00
# Visual Studio Version 17
VisualStudioVersion = 17.10.34916.146
MinimumVisualStudioVersion = 10.0.40219.1
Project("{9A19103F-16F7-4668-BE54-9A1E7A4F7556}") = "OptimFoundation.Core", "src\OptimFoundation.Core\OptimFoundation.Core.csproj", "{A1A1A1A1-1111-1111-1111-111111111111}"
EndProject
Project("{9A19103F-16F7-4668-BE54-9A1E7A4F7556}") = "OptimFoundation.Cplex", "src\OptimFoundation.Cplex\OptimFoundation.Cplex.csproj", "{C3C3C3C3-3333-3333-3333-333333333333}"
EndProject
Project("{9A19103F-16F7-4668-BE54-9A1E7A4F7556}") = "OptimFoundation.Generators", "src\OptimFoundation.Generators\OptimFoundation.Generators.csproj", "{E5E5E5E5-5555-5555-5555-555555555555}"
EndProject
Project("{9A19103F-16F7-4668-BE54-9A1E7A4F7556}") = "Template_ThreadTest", "Templates\Template_ThreadTest\Template_ThreadTest.csproj", "{69405C35-7641-4E25-914B-FFCD803A4BEB}"
EndProject
Project("{9A19103F-16F7-4668-BE54-9A1E7A4F7556}") = "RosteringProblem", "Templates\Template_CPLEX\RosteringProblem.csproj", "{A13F6D8C-CDD1-4DA2-A04E-38E355A7BDF5}"
EndProject
Project("{9A19103F-16F7-4668-BE54-9A1E7A4F7556}") = "FeatureTest", "Templates\FeatureTest\FeatureTest.csproj", "{07070707-7777-7777-7777-777777777777}"
EndProject
Project("{9A19103F-16F7-4668-BE54-9A1E7A4F7556}") = "OptimFoundation.Cplex.Tests", "tests\OptimFoundation.Cplex.Tests\OptimFoundation.Cplex.Tests.csproj", "{18181818-8888-8888-8888-888888888888}"
EndProject
Project("{FAE04EC0-301F-11D3-BF4B-00C04F79EFBC}") = "FJSP_BASIC", "Templates\FJSP_BASIC\FJSP_BASIC.csproj", "{126C40EE-4B65-4ACC-8BD5-4DD69F6A4406}"
EndProject
Project("{2150E333-8FDC-42A3-9474-1A3956D46DE8}") = "src", "src", "{827E0CD3-B72D-47B6-A68D-7590B98EB39B}"
EndProject
Project("{FAE04EC0-301F-11D3-BF4B-00C04F79EFBC}") = "OptimFoundation.Gurobi", "src\OptimFoundation.Gurobi\OptimFoundation.Gurobi.csproj", "{5DB6CDE9-D2AC-44CB-8A8F-139D9D00183A}"
EndProject
Project("{2150E333-8FDC-42A3-9474-1A3956D46DE8}") = "Templates", "Templates", "{808186BE-9BD0-DD1D-D574-36EEAD1E7F8F}"
EndProject
Project("{2150E333-8FDC-42A3-9474-1A3956D46DE8}") = "Template_Gurobi", "Template_Gurobi", "{E489BE4F-CA45-C683-4C0C-8C72C022A017}"
EndProject
Project("{FAE04EC0-301F-11D3-BF4B-00C04F79EFBC}") = "RosteringProblem", "Templates\Template_Gurobi\RosteringProblem.csproj", "{0ED23439-ABBA-404F-A24A-1D0E3E801025}"
EndProject
Global
	GlobalSection(SolutionConfigurationPlatforms) = preSolution
		Debug|Any CPU = Debug|Any CPU
		Debug|x64 = Debug|x64
		Debug|x86 = Debug|x86
		Release|Any CPU = Release|Any CPU
		Release|x64 = Release|x64
		Release|x86 = Release|x86
	EndGlobalSection
	GlobalSection(ProjectConfigurationPlatforms) = postSolution
		{A1A1A1A1-1111-1111-1111-111111111111}.Debug|Any CPU.ActiveCfg = Debug|Any CPU
		{A1A1A1A1-1111-1111-1111-111111111111}.Debug|Any CPU.Build.0 = Debug|Any CPU
		{A1A1A1A1-1111-1111-1111-111111111111}.Debug|x64.ActiveCfg = Debug|Any CPU
		{A1A1A1A1-1111-1111-1111-111111111111}.Debug|x64.Build.0 = Debug|Any CPU
		{A1A1A1A1-1111-1111-1111-111111111111}.Debug|x86.ActiveCfg = Debug|Any CPU
		{A1A1A1A1-1111-1111-1111-111111111111}.Debug|x86.Build.0 = Debug|Any CPU
		{A1A1A1A1-1111-1111-1111-111111111111}.Release|Any CPU.ActiveCfg = Release|Any CPU
		{A1A1A1A1-1111-1111-1111-111111111111}.Release|Any CPU.Build.0 = Release|Any CPU
		{A1A1A1A1-1111-1111-1111-111111111111}.Release|x64.ActiveCfg = Release|Any CPU
		{A1A1A1A1-1111-1111-1111-111111111111}.Release|x64.Build.0 = Release|Any CPU
		{A1A1A1A1-1111-1111-1111-111111111111}.Release|x86.ActiveCfg = Release|Any CPU
		{A1A1A1A1-1111-1111-1111-111111111111}.Release|x86.Build.0 = Release|Any CPU
		{C3C3C3C3-3333-3333-3333-333333333333}.Debug|Any CPU.ActiveCfg = Debug|Any CPU
		{C3C3C3C3-3333-3333-3333-333333333333}.Debug|Any CPU.Build.0 = Debug|Any CPU
		{C3C3C3C3-3333-3333-3333-333333333333}.Debug|x64.ActiveCfg = Debug|Any CPU
		{C3C3C3C3-3333-3333-3333-333333333333}.Debug|x64.Build.0 = Debug|Any CPU
		{C3C3C3C3-3333-3333-3333-333333333333}.Debug|x86.ActiveCfg = Debug|Any CPU
		{C3C3C3C3-3333-3333-3333-333333333333}.Debug|x86.Build.0 = Debug|Any CPU
		{C3C3C3C3-3333-3333-3333-333333333333}.Release|Any CPU.ActiveCfg = Release|Any CPU
		{C3C3C3C3-3333-3333-3333-333333333333}.Release|Any CPU.Build.0 = Release|Any CPU
		{C3C3C3C3-3333-3333-3333-333333333333}.Release|x64.ActiveCfg = Release|Any CPU
		{C3C3C3C3-3333-3333-3333-333333333333}.Release|x64.Build.0 = Release|Any CPU
		{C3C3C3C3-3333-3333-3333-333333333333}.Release|x86.ActiveCfg = Release|Any CPU
		{C3C3C3C3-3333-3333-3333-333333333333}.Release|x86.Build.0 = Release|Any CPU
		{E5E5E5E5-5555-5555-5555-555555555555}.Debug|Any CPU.ActiveCfg = Debug|Any CPU
		{E5E5E5E5-5555-5555-5555-555555555555}.Debug|Any CPU.Build.0 = Debug|Any CPU
		{E5E5E5E5-5555-5555-5555-555555555555}.Debug|x64.ActiveCfg = Debug|Any CPU
		{E5E5E5E5-5555-5555-5555-555555555555}.Debug|x64.Build.0 = Debug|Any CPU
		{E5E5E5E5-5555-5555-5555-555555555555}.Debug|x86.ActiveCfg = Debug|Any CPU
		{E5E5E5E5-5555-5555-5555-555555555555}.Debug|x86.Build.0 = Debug|Any CPU
		{E5E5E5E5-5555-5555-5555-555555555555}.Release|Any CPU.ActiveCfg = Release|Any CPU
		{E5E5E5E5-5555-5555-5555-555555555555}.Release|Any CPU.Build.0 = Release|Any CPU
		{E5E5E5E5-5555-5555-5555-555555555555}.Release|x64.ActiveCfg = Release|Any CPU
		{E5E5E5E5-5555-5555-5555-555555555555}.Release|x64.Build.0 = Release|Any CPU
		{E5E5E5E5-5555-5555-5555-555555555555}.Release|x86.ActiveCfg = Release|Any CPU
		{E5E5E5E5-5555-5555-5555-555555555555}.Release|x86.Build.0 = Release|Any CPU
		{69405C35-7641-4E25-914B-FFCD803A4BEB}.Debug|Any CPU.ActiveCfg = Debug|Any CPU
		{69405C35-7641-4E25-914B-FFCD803A4BEB}.Debug|Any CPU.Build.0 = Debug|Any CPU
		{69405C35-7641-4E25-914B-FFCD803A4BEB}.Debug|x64.ActiveCfg = Debug|Any CPU
		{69405C35-7641-4E25-914B-FFCD803A4BEB}.Debug|x64.Build.0 = Debug|Any CPU
		{69405C35-7641-4E25-914B-FFCD803A4BEB}.Debug|x86.ActiveCfg = Debug|Any CPU
		{69405C35-7641-4E25-914B-FFCD803A4BEB}.Debug|x86.Build.0 = Debug|Any CPU
		{69405C35-7641-4E25-914B-FFCD803A4BEB}.Release|Any CPU.ActiveCfg = Release|Any CPU
		{69405C35-7641-4E25-914B-FFCD803A4BEB}.Release|Any CPU.Build.0 = Release|Any CPU
		{69405C35-7641-4E25-914B-FFCD803A4BEB}.Release|x64.ActiveCfg = Release|Any CPU
		{69405C35-7641-4E25-914B-FFCD803A4BEB}.Release|x64.Build.0 = Release|Any CPU
		{69405C35-7641-4E25-914B-FFCD803A4BEB}.Release|x86.ActiveCfg = Release|Any CPU
		{69405C35-7641-4E25-914B-FFCD803A4BEB}.Release|x86.Build.0 = Release|Any CPU
		{A13F6D8C-CDD1-4DA2-A04E-38E355A7BDF5}.Debug|Any CPU.ActiveCfg = Debug|Any CPU
		{A13F6D8C-CDD1-4DA2-A04E-38E355A7BDF5}.Debug|Any CPU.Build.0 = Debug|Any CPU
		{A13F6D8C-CDD1-4DA2-A04E-38E355A7BDF5}.Debug|x64.ActiveCfg = Debug|Any CPU
		{A13F6D8C-CDD1-4DA2-A04E-38E355A7BDF5}.Debug|x64.Build.0 = Debug|Any CPU
		{A13F6D8C-CDD1-4DA2-A04E-38E355A7BDF5}.Debug|x86.ActiveCfg = Debug|Any CPU
		{A13F6D8C-CDD1-4DA2-A04E-38E355A7BDF5}.Debug|x86.Build.0 = Debug|Any CPU
		{A13F6D8C-CDD1-4DA2-A04E-38E355A7BDF5}.Release|Any CPU.ActiveCfg = Release|Any CPU
		{A13F6D8C-CDD1-4DA2-A04E-38E355A7BDF5}.Release|Any CPU.Build.0 = Release|Any CPU
		{A13F6D8C-CDD1-4DA2-A04E-38E355A7BDF5}.Release|x64.ActiveCfg = Release|Any CPU
		{A13F6D8C-CDD1-4DA2-A04E-38E355A7BDF5}.Release|x64.Build.0 = Release|Any CPU
		{A13F6D8C-CDD1-4DA2-A04E-38E355A7BDF5}.Release|x86.ActiveCfg = Release|Any CPU
		{A13F6D8C-CDD1-4DA2-A04E-38E355A7BDF5}.Release|x86.Build.0 = Release|Any CPU
		{07070707-7777-7777-7777-777777777777}.Debug|Any CPU.ActiveCfg = Debug|Any CPU
		{07070707-7777-7777-7777-777777777777}.Debug|Any CPU.Build.0 = Debug|Any CPU
		{07070707-7777-7777-7777-777777777777}.Debug|x64.ActiveCfg = Debug|Any CPU
		{07070707-7777-7777-7777-777777777777}.Debug|x64.Build.0 = Debug|Any CPU
		{07070707-7777-7777-7777-777777777777}.Debug|x86.ActiveCfg = Debug|Any CPU
		{07070707-7777-7777-7777-777777777777}.Debug|x86.Build.0 = Debug|Any CPU
		{07070707-7777-7777-7777-777777777777}.Release|Any CPU.ActiveCfg = Release|Any CPU
		{07070707-7777-7777-7777-777777777777}.Release|Any CPU.Build.0 = Release|Any CPU
		{07070707-7777-7777-7777-777777777777}.Release|x64.ActiveCfg = Release|Any CPU
		{07070707-7777-7777-7777-777777777777}.Release|x64.Build.0 = Release|Any CPU
		{07070707-7777-7777-7777-777777777777}.Release|x86.ActiveCfg = Release|Any CPU
		{07070707-7777-7777-7777-777777777777}.Release|x86.Build.0 = Release|Any CPU
		{18181818-8888-8888-8888-888888888888}.Debug|Any CPU.ActiveCfg = Debug|Any CPU
		{18181818-8888-8888-8888-888888888888}.Debug|Any CPU.Build.0 = Debug|Any CPU
		{18181818-8888-8888-8888-888888888888}.Debug|x64.ActiveCfg = Debug|Any CPU
		{18181818-8888-8888-8888-888888888888}.Debug|x64.Build.0 = Debug|Any CPU
		{18181818-8888-8888-8888-888888888888}.Debug|x86.ActiveCfg = Debug|Any CPU
		{18181818-8888-8888-8888-888888888888}.Debug|x86.Build.0 = Debug|Any CPU
		{18181818-8888-8888-8888-888888888888}.Release|Any CPU.ActiveCfg = Release|Any CPU
		{18181818-8888-8888-8888-888888888888}.Release|Any CPU.Build.0 = Release|Any CPU
		{18181818-8888-8888-8888-888888888888}.Release|x64.ActiveCfg = Release|Any CPU
		{18181818-8888-8888-8888-888888888888}.Release|x64.Build.0 = Release|Any CPU
		{18181818-8888-8888-8888-888888888888}.Release|x86.ActiveCfg = Release|Any CPU
		{18181818-8888-8888-8888-888888888888}.Release|x86.Build.0 = Release|Any CPU
		{126C40EE-4B65-4ACC-8BD5-4DD69F6A4406}.Debug|Any CPU.ActiveCfg = Debug|Any CPU
		{126C40EE-4B65-4ACC-8BD5-4DD69F6A4406}.Debug|Any CPU.Build.0 = Debug|Any CPU
		{126C40EE-4B65-4ACC-8BD5-4DD69F6A4406}.Debug|x64.ActiveCfg = Debug|Any CPU
		{126C40EE-4B65-4ACC-8BD5-4DD69F6A4406}.Debug|x64.Build.0 = Debug|Any CPU
		{126C40EE-4B65-4ACC-8BD5-4DD69F6A4406}.Debug|x86.ActiveCfg = Debug|Any CPU
		{126C40EE-4B65-4ACC-8BD5-4DD69F6A4406}.Debug|x86.Build.0 = Debug|Any CPU
		{126C40EE-4B65-4ACC-8BD5-4DD69F6A4406}.Release|Any CPU.ActiveCfg = Release|Any CPU
		{126C40EE-4B65-4ACC-8BD5-4DD69F6A4406}.Release|Any CPU.Build.0 = Release|Any CPU
		{126C40EE-4B65-4ACC-8BD5-4DD69F6A4406}.Release|x64.ActiveCfg = Release|Any CPU
		{126C40EE-4B65-4ACC-8BD5-4DD69F6A4406}.Release|x64.Build.0 = Release|Any CPU
		{126C40EE-4B65-4ACC-8BD5-4DD69F6A4406}.Release|x86.ActiveCfg = Release|Any CPU
		{126C40EE-4B65-4ACC-8BD5-4DD69F6A4406}.Release|x86.Build.0 = Release|Any CPU
		{5DB6CDE9-D2AC-44CB-8A8F-139D9D00183A}.Debug|Any CPU.ActiveCfg = Debug|Any CPU
		{5DB6CDE9-D2AC-44CB-8A8F-139D9D00183A}.Debug|Any CPU.Build.0 = Debug|Any CPU
		{5DB6CDE9-D2AC-44CB-8A8F-139D9D00183A}.Debug|x64.ActiveCfg = Debug|Any CPU
		{5DB6CDE9-D2AC-44CB-8A8F-139D9D00183A}.Debug|x64.Build.0 = Debug|Any CPU
		{5DB6CDE9-D2AC-44CB-8A8F-139D9D00183A}.Debug|x86.ActiveCfg = Debug|Any CPU
		{5DB6CDE9-D2AC-44CB-8A8F-139D9D00183A}.Debug|x86.Build.0 = Debug|Any CPU
		{5DB6CDE9-D2AC-44CB-8A8F-139D9D00183A}.Release|Any CPU.ActiveCfg = Release|Any CPU
		{5DB6CDE9-D2AC-44CB-8A8F-139D9D00183A}.Release|Any CPU.Build.0 = Release|Any CPU
		{5DB6CDE9-D2AC-44CB-8A8F-139D9D00183A}.Release|x64.ActiveCfg = Release|Any CPU
		{5DB6CDE9-D2AC-44CB-8A8F-139D9D00183A}.Release|x64.Build.0 = Release|Any CPU
		{5DB6CDE9-D2AC-44CB-8A8F-139D9D00183A}.Release|x86.ActiveCfg = Release|Any CPU
		{5DB6CDE9-D2AC-44CB-8A8F-139D9D00183A}.Release|x86.Build.0 = Release|Any CPU
		{0ED23439-ABBA-404F-A24A-1D0E3E801025}.Debug|Any CPU.ActiveCfg = Debug|Any CPU
		{0ED23439-ABBA-404F-A24A-1D0E3E801025}.Debug|Any CPU.Build.0 = Debug|Any CPU
		{0ED23439-ABBA-404F-A24A-1D0E3E801025}.Debug|x64.ActiveCfg = Debug|Any CPU
		{0ED23439-ABBA-404F-A24A-1D0E3E801025}.Debug|x64.Build.0 = Debug|Any CPU
		{0ED23439-ABBA-404F-A24A-1D0E3E801025}.Debug|x86.ActiveCfg = Debug|Any CPU
		{0ED23439-ABBA-404F-A24A-1D0E3E801025}.Debug|x86.Build.0 = Debug|Any CPU
		{0ED23439-ABBA-404F-A24A-1D0E3E801025}.Release|Any CPU.ActiveCfg = Release|Any CPU
		{0ED23439-ABBA-404F-A24A-1D0E3E801025}.Release|Any CPU.Build.0 = Release|Any CPU
		{0ED23439-ABBA-404F-A24A-1D0E3E801025}.Release|x64.ActiveCfg = Release|Any CPU
		{0ED23439-ABBA-404F-A24A-1D0E3E801025}.Release|x64.Build.0 = Release|Any CPU
		{0ED23439-ABBA-404F-A24A-1D0E3E801025}.Release|x86.ActiveCfg = Release|Any CPU
		{0ED23439-ABBA-404F-A24A-1D0E3E801025}.Release|x86.Build.0 = Release|Any CPU
	EndGlobalSection
	GlobalSection(SolutionProperties) = preSolution
		HideSolutionNode = FALSE
	EndGlobalSection
	GlobalSection(NestedProjects) = preSolution
		{5DB6CDE9-D2AC-44CB-8A8F-139D9D00183A} = {827E0CD3-B72D-47B6-A68D-7590B98EB39B}
		{E489BE4F-CA45-C683-4C0C-8C72C022A017} = {808186BE-9BD0-DD1D-D574-36EEAD1E7F8F}
		{0ED23439-ABBA-404F-A24A-1D0E3E801025} = {E489BE4F-CA45-C683-4C0C-8C72C022A017}
	EndGlobalSection
	GlobalSection(ExtensibilityGlobals) = postSolution
		SolutionGuid = {5EE5EE5E-5555-5555-5555-555555555555}
	EndGlobalSection
EndGlobal
