
Microsoft Visual Studio Solution File, Format Version 12.00
# Visual Studio Version 17
VisualStudioVersion = 17.10.34916.146
MinimumVisualStudioVersion = 10.0.40219.1
Project("{9A19103F-16F7-4668-BE54-9A1E7A4F7556}") = "ModelInspector", "ModelInspector.csproj", "{7D3E9B41-05C6-4A18-9F27-3C81A4E6D052}"
EndProject
Global
	GlobalSection(SolutionConfigurationPlatforms) = preSolution
		Debug|Any CPU = Debug|Any CPU
		Release|Any CPU = Release|Any CPU
	EndGlobalSection
	GlobalSection(ProjectConfigurationPlatforms) = postSolution
		{7D3E9B41-05C6-4A18-9F27-3C81A4E6D052}.Debug|Any CPU.ActiveCfg = Debug|Any CPU
		{7D3E9B41-05C6-4A18-9F27-3C81A4E6D052}.Debug|Any CPU.Build.0 = Debug|Any CPU
		{7D3E9B41-05C6-4A18-9F27-3C81A4E6D052}.Release|Any CPU.ActiveCfg = Release|Any CPU
		{7D3E9B41-05C6-4A18-9F27-3C81A4E6D052}.Release|Any CPU.Build.0 = Release|Any CPU
	EndGlobalSection
	GlobalSection(SolutionProperties) = preSolution
		HideSolutionNode = FALSE
	EndGlobalSection
	GlobalSection(ExtensibilityGlobals) = postSolution
		SolutionGuid = {B94C2E77-8A1D-4F63-B0E5-96D4A7F31C88}
	EndGlobalSection
EndGlobal
